<Solution>
  <Folder Name="/src/">
    <Project Path="src/Apis/Opplat.Api.Admin/Opplat.Api.Admin.csproj" />
    <Project Path="src/Apis/Opplat.Api.Main/Opplat.Api.Main.csproj" />
    <Project Path="src/Opplat.AppHost/Opplat.AppHost.csproj" />
    <Project Path="src/Opplat.Application.Abstractions/Opplat.Application.Abstractions.csproj" />
    <Project Path="src/Opplat.Application/Opplat.Application.csproj" />
    <Project Path="src/Opplat.Domain/Opplat.Domain.csproj" />
    <Project Path="src/Opplat.Infrastructure/Opplat.Infrastructure.csproj" />
  </Folder>
  <Folder Name="/src/Apis/">
    <Project Path="src/Apis/Opplat.Api.Account/Opplat.Api.Account.csproj" />
    <Project Path="src/Apis/Opplat.Api.Catalog/Opplat.Api.Catalog.csproj" />
    <Project Path="src/Apis/Opplat.Api.Common/Opplat.Api.Common.csproj" />
    <Project Path="src/Apis/Opplat.Api.Inventory/Opplat.Api.Inventory.csproj" />
    <Project Path="src/Apis/Opplat.Api.Invoicing/Opplat.Api.Invoicing.csproj" />
    <Project Path="src/Apis/Opplat.Api.Sales/Opplat.Api.Sales.csproj" />
  </Folder>  
  <Folder Name="/test/">
    <Project Path="test/Opplat.UnitTest/Opplat.UnitTest.csproj" />
  </Folder>
</Solution>
